
Microsoft Visual Studio Solution File, Format Version 12.00
# Visual Studio Version 16
VisualStudioVersion = 25.0.1706.5
MinimumVisualStudioVersion = 10.0.40219.1
Project("{FAE04EC0-301F-11D3-BF4B-00C04F79EFBC}") = "Allgolism", "Allgolism\Allgolism.csproj", "{DE985270-9620-47FB-8258-32B0D3B22B92}"
EndProject
Global
	GlobalSection(SolutionConfigurationPlatforms) = preSolution
		Debug|Any CPU = Debug|Any CPU
		Release|Any CPU = Release|Any CPU
	EndGlobalSection
	GlobalSection(ProjectConfigurationPlatforms) = postSolution
		{DE985270-9620-47FB-8258-32B0D3B22B92}.Debug|Any CPU.ActiveCfg = Debug|Any CPU
		{DE985270-9620-47FB-8258-32B0D3B22B92}.Debug|Any CPU.Build.0 = Debug|Any CPU
		{DE985270-9620-47FB-8258-32B0D3B22B92}.Release|Any CPU.ActiveCfg = Release|Any CPU
		{DE985270-9620-47FB-8258-32B0D3B22B92}.Release|Any CPU.Build.0 = Release|Any CPU
	EndGlobalSection
	GlobalSection(SolutionProperties) = preSolution
		HideSolutionNode = FALSE
	EndGlobalSection
	GlobalSection(ExtensibilityGlobals) = postSolution
		SolutionGuid = {2DAA73CA-2FBD-4E11-BC29-08D8B0B0AE59}
	EndGlobalSection
EndGlobal
