
Microsoft Visual Studio Solution File, Format Version 12.00
# Visual Studio Version 17
VisualStudioVersion = 17.6.33801.468
MinimumVisualStudioVersion = 10.0.40219.1
Project("{8BC9CEB8-8B4A-11D0-8D11-00A0C91BC942}") = "Allgorism", "Allgorism\Allgorism.vcxproj", "{DFD93CD7-B02C-44E5-B13F-174A87BF47CF}"
EndProject
Global
	GlobalSection(SolutionConfigurationPlatforms) = preSolution
		Debug|x64 = Debug|x64
		Debug|x86 = Debug|x86
		Release|x64 = Release|x64
		Release|x86 = Release|x86
	EndGlobalSection
	GlobalSection(ProjectConfigurationPlatforms) = postSolution
		{DFD93CD7-B02C-44E5-B13F-174A87BF47CF}.Debug|x64.ActiveCfg = Debug|x64
		{DFD93CD7-B02C-44E5-B13F-174A87BF47CF}.Debug|x64.Build.0 = Debug|x64
		{DFD93CD7-B02C-44E5-B13F-174A87BF47CF}.Debug|x86.ActiveCfg = Debug|Win32
		{DFD93CD7-B02C-44E5-B13F-174A87BF47CF}.Debug|x86.Build.0 = Debug|Win32
		{DFD93CD7-B02C-44E5-B13F-174A87BF47CF}.Release|x64.ActiveCfg = Release|x64
		{DFD93CD7-B02C-44E5-B13F-174A87BF47CF}.Release|x64.Build.0 = Release|x64
		{DFD93CD7-B02C-44E5-B13F-174A87BF47CF}.Release|x86.ActiveCfg = Release|Win32
		{DFD93CD7-B02C-44E5-B13F-174A87BF47CF}.Release|x86.Build.0 = Release|Win32
	EndGlobalSection
	GlobalSection(SolutionProperties) = preSolution
		HideSolutionNode = FALSE
	EndGlobalSection
	GlobalSection(ExtensibilityGlobals) = postSolution
		SolutionGuid = {8731BCCB-38BD-42A3-A5E5-C20CBC25C5D1}
	EndGlobalSection
EndGlobal
